// !$*UTF8*$!
{
	archiveVersion = 1;
	classes = {
	};
	objectVersion = 50;
	objects = {

/* Begin PBXBuildFile section */
		FAE84F0021A38202000051AA /* AppDelegate.swift in Sources */ = {isa = PBXBuildFile; fileRef = FAE84EFF21A38202000051AA /* AppDelegate.swift */; };
		FAE84F0221A38202000051AA /* ViewController.swift in Sources */ = {isa = PBXBuildFile; fileRef = FAE84F0121A38202000051AA /* ViewController.swift */; };
		FAE84F0521A38202000051AA /* Main.storyboard in Resources */ = {isa = PBXBuildFile; fileRef = FAE84F0321A38202000051AA /* Main.storyboard */; };
		FAE84F0721A38205000051AA /* Assets.xcassets in Resources */ = {isa = PBXBuildFile; fileRef = FAE84F0621A38205000051AA /* Assets.xcassets */; };
		FAE84F0A21A38205000051AA /* LaunchScreen.storyboard in Resources */ = {isa = PBXBuildFile; fileRef = FAE84F0821A38205000051AA /* LaunchScreen.storyboard */; };
		FAE84F1421A38273000051AA /* VisualRecognitionV3.framework in Frameworks */ = {isa = PBXBuildFile; fileRef = FAE84F1121A38273000051AA /* VisualRecognitionV3.framework */; };
		FAE84F1521A38273000051AA /* VisualRecognitionV3.framework in Embed Frameworks */ = {isa = PBXBuildFile; fileRef = FAE84F1121A38273000051AA /* VisualRecognitionV3.framework */; settings = {ATTRIBUTES = (CodeSignOnCopy, RemoveHeadersOnCopy, ); }; };
		FAE84F1621A38273000051AA /* RestKit.framework in Frameworks */ = {isa = PBXBuildFile; fileRef = FAE84F1221A38273000051AA /* RestKit.framework */; };
		FAE84F1721A38273000051AA /* RestKit.framework in Embed Frameworks */ = {isa = PBXBuildFile; fileRef = FAE84F1221A38273000051AA /* RestKit.framework */; settings = {ATTRIBUTES = (CodeSignOnCopy, RemoveHeadersOnCopy, ); }; };
		FAE84F1821A38273000051AA /* SVProgressHUD.framework in Frameworks */ = {isa = PBXBuildFile; fileRef = FAE84F1321A38273000051AA /* SVProgressHUD.framework */; };
		FAE84F1921A38273000051AA /* SVProgressHUD.framework in Embed Frameworks */ = {isa = PBXBuildFile; fileRef = FAE84F1321A38273000051AA /* SVProgressHUD.framework */; settings = {ATTRIBUTES = (CodeSignOnCopy, RemoveHeadersOnCopy, ); }; };
/* End PBXBuildFile section */

/* Begin PBXCopyFilesBuildPhase section */
		FAE84F1A21A38273000051AA /* Embed Frameworks */ = {
			isa = PBXCopyFilesBuildPhase;
			buildActionMask = 2147483647;
			dstPath = "";
			dstSubfolderSpec = 10;
			files = (
				FAE84F1921A38273000051AA /* SVProgressHUD.framework in Embed Frameworks */,
				FAE84F1521A38273000051AA /* VisualRecognitionV3.framework in Embed Frameworks */,
				FAE84F1721A38273000051AA /* RestKit.framework in Embed Frameworks */,
			);
			name = "Embed Frameworks";
			runOnlyForDeploymentPostprocessing = 0;
		};
/* End PBXCopyFilesBuildPhase section */

/* Begin PBXFileReference section */
		FAE84EFC21A38202000051AA /* SeeFoodApp.app */ = {isa = PBXFileReference; explicitFileType = wrapper.application; includeInIndex = 0; path = SeeFoodApp.app; sourceTree = BUILT_PRODUCTS_DIR; };
		FAE84EFF21A38202000051AA /* AppDelegate.swift */ = {isa = PBXFileReference; lastKnownFileType = sourcecode.swift; path = AppDelegate.swift; sourceTree = "<group>"; };
		FAE84F0121A38202000051AA /* ViewController.swift */ = {isa = PBXFileReference; lastKnownFileType = sourcecode.swift; path = ViewController.swift; sourceTree = "<group>"; };
		FAE84F0421A38202000051AA /* Base */ = {isa = PBXFileReference; lastKnownFileType = file.storyboard; name = Base; path = Base.lproj/Main.storyboard; sourceTree = "<group>"; };
		FAE84F0621A38205000051AA /* Assets.xcassets */ = {isa = PBXFileReference; lastKnownFileType = folder.assetcatalog; path = Assets.xcassets; sourceTree = "<group>"; };
		FAE84F0921A38205000051AA /* Base */ = {isa = PBXFileReference; lastKnownFileType = file.storyboard; name = Base; path = Base.lproj/LaunchScreen.storyboard; sourceTree = "<group>"; };
		FAE84F0B21A38205000051AA /* Info.plist */ = {isa = PBXFileReference; lastKnownFileType = text.plist.xml; path = Info.plist; sourceTree = "<group>"; };
		FAE84F1121A38273000051AA /* VisualRecognitionV3.framework */ = {isa = PBXFileReference; lastKnownFileType = wrapper.framework; path = VisualRecognitionV3.framework; sourceTree = "<group>"; };
		FAE84F1221A38273000051AA /* RestKit.framework */ = {isa = PBXFileReference; lastKnownFileType = wrapper.framework; path = RestKit.framework; sourceTree = "<group>"; };
		FAE84F1321A38273000051AA /* SVProgressHUD.framework */ = {isa = PBXFileReference; lastKnownFileType = wrapper.framework; path = SVProgressHUD.framework; sourceTree = "<group>"; };
/* End PBXFileReference section */

/* Begin PBXFrameworksBuildPhase section */
		FAE84EF921A38202000051AA /* Frameworks */ = {
			isa = PBXFrameworksBuildPhase;
			buildActionMask = 2147483647;
			files = (
				FAE84F1821A38273000051AA /* SVProgressHUD.framework in Frameworks */,
				FAE84F1421A38273000051AA /* VisualRecognitionV3.framework in Frameworks */,
				FAE84F1621A38273000051AA /* RestKit.framework in Frameworks */,
			);
			runOnlyForDeploymentPostprocessing = 0;
		};
/* End PBXFrameworksBuildPhase section */

/* Begin PBXGroup section */
		FAE84EF321A38202000051AA = {
			isa = PBXGroup;
			children = (
				FAE84F1221A38273000051AA /* RestKit.framework */,
				FAE84F1321A38273000051AA /* SVProgressHUD.framework */,
				FAE84F1121A38273000051AA /* VisualRecognitionV3.framework */,
				FAE84EFE21A38202000051AA /* SeeFoodApp */,
				FAE84EFD21A38202000051AA /* Products */,
			);
			sourceTree = "<group>";
		};
		FAE84EFD21A38202000051AA /* Products */ = {
			isa = PBXGroup;
			children = (
				FAE84EFC21A38202000051AA /* SeeFoodApp.app */,
			);
			name = Products;
			sourceTree = "<group>";
		};
		FAE84EFE21A38202000051AA /* SeeFoodApp */ = {
			isa = PBXGroup;
			children = (
				FAE84EFF21A38202000051AA /* AppDelegate.swift */,
				FAE84F0121A38202000051AA /* ViewController.swift */,
				FAE84F0321A38202000051AA /* Main.storyboard */,
				FAE84F0621A38205000051AA /* Assets.xcassets */,
				FAE84F0821A38205000051AA /* LaunchScreen.storyboard */,
				FAE84F0B21A38205000051AA /* Info.plist */,
			);
			path = SeeFoodApp;
			sourceTree = "<group>";
		};
/* End PBXGroup section */

/* Begin PBXNativeTarget section */
		FAE84EFB21A38202000051AA /* SeeFoodApp */ = {
			isa = PBXNativeTarget;
			buildConfigurationList = FAE84F0E21A38205000051AA /* Build configuration list for PBXNativeTarget "SeeFoodApp" */;
			buildPhases = (
				FAE84EF821A38202000051AA /* Sources */,
				FAE84EF921A38202000051AA /* Frameworks */,
				FAE84EFA21A38202000051AA /* Resources */,
				FAE84F1A21A38273000051AA /* Embed Frameworks */,
			);
			buildRules = (
			);
			dependencies = (
			);
			name = SeeFoodApp;
			productName = SeeFoodApp;
			productReference = FAE84EFC21A38202000051AA /* SeeFoodApp.app */;
			productType = "com.apple.product-type.application";
		};
/* End PBXNativeTarget section */

/* Begin PBXProject section */
		FAE84EF421A38202000051AA /* Project object */ = {
			isa = PBXProject;
			attributes = {
				LastSwiftUpdateCheck = 1010;
				LastUpgradeCheck = 1010;
				ORGANIZATIONNAME = Abdel;
				TargetAttributes = {
					FAE84EFB21A38202000051AA = {
						CreatedOnToolsVersion = 10.1;
					};
				};
			};
			buildConfigurationList = FAE84EF721A38202000051AA /* Build configuration list for PBXProject "SeeFoodApp" */;
			compatibilityVersion = "Xcode 9.3";
			developmentRegion = en;
			hasScannedForEncodings = 0;
			knownRegions = (
				en,
				Base,
			);
			mainGroup = FAE84EF321A38202000051AA;
			productRefGroup = FAE84EFD21A38202000051AA /* Products */;
			projectDirPath = "";
			projectRoot = "";
			targets = (
				FAE84EFB21A38202000051AA /* SeeFoodApp */,
			);
		};
/* End PBXProject section */

/* Begin PBXResourcesBuildPhase section */
		FAE84EFA21A38202000051AA /* Resources */ = {
			isa = PBXResourcesBuildPhase;
			buildActionMask = 2147483647;
			files = (
				FAE84F0A21A38205000051AA /* LaunchScreen.storyboard in Resources */,
				FAE84F0721A38205000051AA /* Assets.xcassets in Resources */,
				FAE84F0521A38202000051AA /* Main.storyboard in Resources */,
			);
			runOnlyForDeploymentPostprocessing = 0;
		};
/* End PBXResourcesBuildPhase section */

/* Begin PBXSourcesBuildPhase section */
		FAE84EF821A38202000051AA /* Sources */ = {
			isa = PBXSourcesBuildPhase;
			buildActionMask = 2147483647;
			files = (
				FAE84F0221A38202000051AA /* ViewController.swift in Sources */,
				FAE84F0021A38202000051AA /* AppDelegate.swift in Sources */,
			);
			runOnlyForDeploymentPostprocessing = 0;
		};
/* End PBXSourcesBuildPhase section */

/* Begin PBXVariantGroup section */
		FAE84F0321A38202000051AA /* Main.storyboard */ = {
			isa = PBXVariantGroup;
			children = (
				FAE84F0421A38202000051AA /* Base */,
			);
			name = Main.storyboard;
			sourceTree = "<group>";
		};
		FAE84F0821A38205000051AA /* LaunchScreen.storyboard */ = {
			isa = PBXVariantGroup;
			children = (
				FAE84F0921A38205000051AA /* Base */,
			);
			name = LaunchScreen.storyboard;
			sourceTree = "<group>";
		};
/* End PBXVariantGroup section */

/* Begin XCBuildConfiguration section */
		FAE84F0C21A38205000051AA /* Debug */ = {
			isa = XCBuildConfiguration;
			buildSettings = {
				ALWAYS_SEARCH_USER_PATHS = NO;
				CLANG_ANALYZER_NONNULL = YES;
				CLANG_ANALYZER_NUMBER_OBJECT_CONVERSION = YES_AGGRESSIVE;
				CLANG_CXX_LANGUAGE_STANDARD = "gnu++14";
				CLANG_CXX_LIBRARY = "libc++";
				CLANG_ENABLE_MODULES = YES;
				CLANG_ENABLE_OBJC_ARC = YES;
				CLANG_ENABLE_OBJC_WEAK = YES;
				CLANG_WARN_BLOCK_CAPTURE_AUTORELEASING = YES;
				CLANG_WARN_BOOL_CONVERSION = YES;
				CLANG_WARN_COMMA = YES;
				CLANG_WARN_CONSTANT_CONVERSION = YES;
				CLANG_WARN_DEPRECATED_OBJC_IMPLEMENTATIONS = YES;
				CLANG_WARN_DIRECT_OBJC_ISA_USAGE = YES_ERROR;
				CLANG_WARN_DOCUMENTATION_COMMENTS = YES;
				CLANG_WARN_EMPTY_BODY = YES;
				CLANG_WARN_ENUM_CONVERSION = YES;
				CLANG_WARN_INFINITE_RECURSION = YES;
				CLANG_WARN_INT_CONVERSION = YES;
				CLANG_WARN_NON_LITERAL_NULL_CONVERSION = YES;
				CLANG_WARN_OBJC_IMPLICIT_RETAIN_SELF = YES;
				CLANG_WARN_OBJC_LITERAL_CONVERSION = YES;
				CLANG_WARN_OBJC_ROOT_CLASS = YES_ERROR;
				CLANG_WARN_RANGE_LOOP_ANALYSIS = YES;
				CLANG_WARN_STRICT_PROTOTYPES = YES;
				CLANG_WARN_SUSPICIOUS_MOVE = YES;
				CLANG_WARN_UNGUARDED_AVAILABILITY = YES_AGGRESSIVE;
				CLANG_WARN_UNREACHABLE_CODE = YES;
				CLANG_WARN__DUPLICATE_METHOD_MATCH = YES;
				CODE_SIGN_IDENTITY = "iPhone Developer";
				COPY_PHASE_STRIP = NO;
				DEBUG_INFORMATION_FORMAT = dwarf;
				ENABLE_STRICT_OBJC_MSGSEND = YES;
				ENABLE_TESTABILITY = YES;
				GCC_C_LANGUAGE_STANDARD = gnu11;
				GCC_DYNAMIC_NO_PIC = NO;
				GCC_NO_COMMON_BLOCKS = YES;
				GCC_OPTIMIZATION_LEVEL = 0;
				GCC_PREPROCESSOR_DEFINITIONS = (
					"DEBUG=1",
					"$(inherited)",
				);
				GCC_WARN_64_TO_32_BIT_CONVERSION = YES;
				GCC_WARN_ABOUT_RETURN_TYPE = YES_ERROR;
				GCC_WARN_UNDECLARED_SELECTOR = YES;
				GCC_WARN_UNINITIALIZED_AUTOS = YES_AGGRESSIVE;
				GCC_WARN_UNUSED_FUNCTION = YES;
				GCC_WARN_UNUSED_VARIABLE = YES;
				IPHONEOS_DEPLOYMENT_TARGET = 12.1;
				MTL_ENABLE_DEBUG_INFO = INCLUDE_SOURCE;
				MTL_FAST_MATH = YES;
				ONLY_ACTIVE_ARCH = YES;
				SDKROOT = iphoneos;
				SWIFT_ACTIVE_COMPILATION_CONDITIONS = DEBUG;
				SWIFT_OPTIMIZATION_LEVEL = "-Onone";
			};
			name = Debug;
		};
		FAE84F0D21A38205000051AA /* Release */ = {
			isa = XCBuildConfiguration;
			buildSettings = {
				ALWAYS_SEARCH_USER_PATHS = NO;
				CLANG_ANALYZER_NONNULL = YES;
				CLANG_ANALYZER_NUMBER_OBJECT_CONVERSION = YES_AGGRESSIVE;
				CLANG_CXX_LANGUAGE_STANDARD = "gnu++14";
				CLANG_CXX_LIBRARY = "libc++";
				CLANG_ENABLE_MODULES = YES;
				CLANG_ENABLE_OBJC_ARC = YES;
				CLANG_ENABLE_OBJC_WEAK = YES;
				CLANG_WARN_BLOCK_CAPTURE_AUTORELEASING = YES;
				CLANG_WARN_BOOL_CONVERSION = YES;
				CLANG_WARN_COMMA = YES;
				CLANG_WARN_CONSTANT_CONVERSION = YES;
				CLANG_WARN_DEPRECATED_OBJC_IMPLEMENTATIONS = YES;
				CLANG_WARN_DIRECT_OBJC_ISA_USAGE = YES_ERROR;
				CLANG_WARN_DOCUMENTATION_COMMENTS = YES;
				CLANG_WARN_EMPTY_BODY = YES;
				CLANG_WARN_ENUM_CONVERSION = YES;
				CLANG_WARN_INFINITE_RECURSION = YES;
				CLANG_WARN_INT_CONVERSION = YES;
				CLANG_WARN_NON_LITERAL_NULL_CONVERSION = YES;
				CLANG_WARN_OBJC_IMPLICIT_RETAIN_SELF = YES;
				CLANG_WARN_OBJC_LITERAL_CONVERSION = YES;
				CLANG_WARN_OBJC_ROOT_CLASS = YES_ERROR;
				CLANG_WARN_RANGE_LOOP_ANALYSIS = YES;
				CLANG_WARN_STRICT_PROTOTYPES = YES;
				CLANG_WARN_SUSPICIOUS_MOVE = YES;
				CLANG_WARN_UNGUARDED_AVAILABILITY = YES_AGGRESSIVE;
				CLANG_WARN_UNREACHABLE_CODE = YES;
				CLANG_WARN__DUPLICATE_METHOD_MATCH = YES;
				CODE_SIGN_IDENTITY = "iPhone Developer";
				COPY_PHASE_STRIP = NO;
				DEBUG_INFORMATION_FORMAT = "dwarf-with-dsym";
				ENABLE_NS_ASSERTIONS = NO;
				ENABLE_STRICT_OBJC_MSGSEND = YES;
				GCC_C_LANGUAGE_STANDARD = gnu11;
				GCC_NO_COMMON_BLOCKS = YES;
				GCC_WARN_64_TO_32_BIT_CONVERSION = YES;
				GCC_WARN_ABOUT_RETURN_TYPE = YES_ERROR;
				GCC_WARN_UNDECLARED_SELECTOR = YES;
				GCC_WARN_UNINITIALIZED_AUTOS = YES_AGGRESSIVE;
				GCC_WARN_UNUSED_FUNCTION = YES;
				GCC_WARN_UNUSED_VARIABLE = YES;
				IPHONEOS_DEPLOYMENT_TARGET = 12.1;
				MTL_ENABLE_DEBUG_INFO = NO;
				MTL_FAST_MATH = YES;
				SDKROOT = iphoneos;
				SWIFT_COMPILATION_MODE = wholemodule;
				SWIFT_OPTIMIZATION_LEVEL = "-O";
				VALIDATE_PRODUCT = YES;
			};
			name = Release;
		};
		FAE84F0F21A38205000051AA /* Debug */ = {
			isa = XCBuildConfiguration;
			buildSettings = {
				ASSETCATALOG_COMPILER_APPICON_NAME = AppIcon;
				CODE_SIGN_STYLE = Automatic;
				DEVELOPMENT_TEAM = 9DRP4N47CP;
				FRAMEWORK_SEARCH_PATHS = (
					"$(inherited)",
					"$(PROJECT_DIR)",
				);
				INFOPLIST_FILE = SeeFoodApp/Info.plist;
				IPHONEOS_DEPLOYMENT_TARGET = 12.0;
				LD_RUNPATH_SEARCH_PATHS = (
					"$(inherited)",
					"@executable_path/Frameworks",
				);
				PRODUCT_BUNDLE_IDENTIFIER = com.abdel.SeeFoodApp;
				PRODUCT_NAME = "$(TARGET_NAME)";
				SWIFT_VERSION = 4.2;
				TARGETED_DEVICE_FAMILY = "1,2";
			};
			name = Debug;
		};
		FAE84F1021A38205000051AA /* Release */ = {
			isa = XCBuildConfiguration;
			buildSettings = {
				ASSETCATALOG_COMPILER_APPICON_NAME = AppIcon;
				CODE_SIGN_STYLE = Automatic;
				DEVELOPMENT_TEAM = 9DRP4N47CP;
				FRAMEWORK_SEARCH_PATHS = (
					"$(inherited)",
					"$(PROJECT_DIR)",
				);
				INFOPLIST_FILE = SeeFoodApp/Info.plist;
				IPHONEOS_DEPLOYMENT_TARGET = 12.0;
				LD_RUNPATH_SEARCH_PATHS = (
					"$(inherited)",
					"@executable_path/Frameworks",
				);
				PRODUCT_BUNDLE_IDENTIFIER = com.abdel.SeeFoodApp;
				PRODUCT_NAME = "$(TARGET_NAME)";
				SWIFT_VERSION = 4.2;
				TARGETED_DEVICE_FAMILY = "1,2";
			};
			name = Release;
		};
/* End XCBuildConfiguration section */

/* Begin XCConfigurationList section */
		FAE84EF721A38202000051AA /* Build configuration list for PBXProject "SeeFoodApp" */ = {
			isa = XCConfigurationList;
			buildConfigurations = (
				FAE84F0C21A38205000051AA /* Debug */,
				FAE84F0D21A38205000051AA /* Release */,
			);
			defaultConfigurationIsVisible = 0;
			defaultConfigurationName = Release;
		};
		FAE84F0E21A38205000051AA /* Build configuration list for PBXNativeTarget "SeeFoodApp" */ = {
			isa = XCConfigurationList;
			buildConfigurations = (
				FAE84F0F21A38205000051AA /* Debug */,
				FAE84F1021A38205000051AA /* Release */,
			);
			defaultConfigurationIsVisible = 0;
			defaultConfigurationName = Release;
		};
/* End XCConfigurationList section */
	};
	rootObject = FAE84EF421A38202000051AA /* Project object */;
}
